<?xml version="1.0" encoding="utf-8"?>
<Project ToolsVersion="4.0" xmlns="http://schemas.microsoft.com/developer/msbuild/2003">
  <ItemGroup>
    <ClCompile Include="libcurl\ccurl.cpp">
      <Filter>libcur</Filter>
    </ClCompile>
    <ClCompile Include="Sth\randomgen.cpp">
      <Filter>tools</Filter>
    </ClCompile>
    <ClCompile Include="EffectiveCPP\Item12.cpp">
      <Filter>EffectiveCPP</Filter>
    </ClCompile>
    <ClCompile Include="EffectiveCPP\Item25.cpp">
      <Filter>EffectiveCPP</Filter>
    </ClCompile>
    <ClCompile Include="RankList\Rank.cpp">
      <Filter>tools</Filter>
    </ClCompile>
    <ClCompile Include="Sth\testFile.cpp">
      <Filter>tools</Filter>
    </ClCompile>
    <ClCompile Include="Sth\TimeStrToTime.cpp">
      <Filter>tools</Filter>
    </ClCompile>
    <ClCompile Include="RankList\VectorRank.cpp">
      <Filter>RankList</Filter>
    </ClCompile>
    <ClCompile Include="libcurl_main.cpp">
      <Filter>libcur</Filter>
    </ClCompile>
    <ClCompile Include="main.cpp" />
    <ClCompile Include="AStar\AStar.cpp">
      <Filter>AStar</Filter>
    </ClCompile>
    <ClCompile Include="SortAlgorithm\MergeSort.cpp">
      <Filter>SortAlgorithm</Filter>
    </ClCompile>
    <ClCompile Include="SortAlgorithm\QSort.cpp">
      <Filter>SortAlgorithm</Filter>
    </ClCompile>
    <ClCompile Include="SortAlgorithm\HeapSort.cpp">
      <Filter>SortAlgorithm</Filter>
    </ClCompile>
  </ItemGroup>
  <ItemGroup>
    <ClInclude Include="libcurl\curl\curlver.h">
      <Filter>libcur</Filter>
    </ClInclude>
    <ClInclude Include="libcurl\ccurl.h">
      <Filter>libcur</Filter>
    </ClInclude>
    <ClInclude Include="libcurl\curl\curl.h">
      <Filter>libcur</Filter>
    </ClInclude>
    <ClInclude Include="libcurl\curl\curlbuild.h">
      <Filter>libcur</Filter>
    </ClInclude>
    <ClInclude Include="libcurl\curl\curlrules.h">
      <Filter>libcur</Filter>
    </ClInclude>
    <ClInclude Include="libcurl\curl\easy.h">
      <Filter>libcur</Filter>
    </ClInclude>
    <ClInclude Include="libcurl\curl\multi.h">
      <Filter>libcur</Filter>
    </ClInclude>
    <ClInclude Include="libcurl\curl\typecheck-gcc.h">
      <Filter>libcur</Filter>
    </ClInclude>
    <ClInclude Include="libcurl\curl\mprintf.h">
      <Filter>libcur</Filter>
    </ClInclude>
    <ClInclude Include="RankList\Rank.h">
      <Filter>tools</Filter>
    </ClInclude>
    <ClInclude Include="libcurl\curl\stdcheaders.h">
      <Filter>libcur</Filter>
    </ClInclude>
    <ClInclude Include="RankList\VectorRank.h">
      <Filter>RankList</Filter>
    </ClInclude>
    <ClInclude Include="CircleDeque\CircleDeque.h">
      <Filter>CircleDeque</Filter>
    </ClInclude>
    <ClInclude Include="MsgPool.h">
      <Filter>MsgPool</Filter>
    </ClInclude>
    <ClInclude Include="AStar\atart_node.h">
      <Filter>AStar</Filter>
    </ClInclude>
    <ClInclude Include="AStar\CVector3.h">
      <Filter>AStar</Filter>
    </ClInclude>
  </ItemGroup>
  <ItemGroup>
    <Filter Include="libcur">
      <UniqueIdentifier>{896b405b-596b-4300-8a4a-52c17fee7d13}</UniqueIdentifier>
    </Filter>
    <Filter Include="tools">
      <UniqueIdentifier>{66a1454c-1b9c-4451-aad3-197b2f2873df}</UniqueIdentifier>
    </Filter>
    <Filter Include="EffectiveCPP">
      <UniqueIdentifier>{51ce1801-e9bb-4c88-93b3-eeec25ef78fc}</UniqueIdentifier>
    </Filter>
    <Filter Include="RankList">
      <UniqueIdentifier>{ba2c5462-86a6-4020-9fb7-5b5f96f8b841}</UniqueIdentifier>
    </Filter>
    <Filter Include="CircleDeque">
      <UniqueIdentifier>{6dba05dd-c7a4-4aed-87dc-8e4b01f6530a}</UniqueIdentifier>
    </Filter>
    <Filter Include="MsgPool">
      <UniqueIdentifier>{c0db3731-44c2-4c79-b13e-7f594904da14}</UniqueIdentifier>
    </Filter>
    <Filter Include="AStar">
      <UniqueIdentifier>{ebc144b5-fc33-454e-8d6e-516b0e1c0291}</UniqueIdentifier>
    </Filter>
    <Filter Include="SortAlgorithm">
      <UniqueIdentifier>{ee76e571-426b-4503-9cfc-ae49521c887a}</UniqueIdentifier>
    </Filter>
  </ItemGroup>
  <ItemGroup>
    <Text Include="RankList\readme.txt">
      <Filter>tools</Filter>
    </Text>
  </ItemGroup>
</Project>