<?xml version="1.0" encoding="utf-8"?>
<Project ToolsVersion="4.0" xmlns="http://schemas.microsoft.com/developer/msbuild/2003">
  <ItemGroup>
    <ClCompile Include="EffectiveCPP\Item12.cpp" />
    <ClCompile Include="EffectiveCPP\Item25.cpp" />
    <ClCompile Include="libcurl\ccurl.cpp" />
    <ClCompile Include="main.cpp" />
    <ClCompile Include="RankList\Rank.cpp" />
    <ClCompile Include="RankList\VectorRank.cpp" />
    <ClCompile Include="Sth\randomgen.cpp" />
    <ClCompile Include="Sth\testFile.cpp" />
    <ClCompile Include="Sth\TimeStrToTime.cpp" />
  </ItemGroup>
  <ItemGroup>
    <ClInclude Include="libcurl\ccurl.h" />
    <ClInclude Include="libcurl\curl\curl.h" />
    <ClInclude Include="libcurl\curl\curlbuild.h" />
    <ClInclude Include="libcurl\curl\curlrules.h" />
    <ClInclude Include="libcurl\curl\curlver.h" />
    <ClInclude Include="libcurl\curl\easy.h" />
    <ClInclude Include="libcurl\curl\mprintf.h" />
    <ClInclude Include="libcurl\curl\multi.h" />
    <ClInclude Include="libcurl\curl\stdcheaders.h" />
    <ClInclude Include="libcurl\curl\typecheck-gcc.h" />
    <ClInclude Include="RankList\Rank.h" />
    <ClInclude Include="RankList\VectorRank.h" />
  </ItemGroup>
  <ItemGroup>
    <Text Include="RankList\readme.txt" />
  </ItemGroup>
</Project>