
Microsoft Visual Studio Solution File, Format Version 12.00
# Visual Studio 2013
VisualStudioVersion = 12.0.31101.0
MinimumVisualStudioVersion = 10.0.40219.1
Project("{8BC9CEB8-8B4A-11D0-8D11-00A0C91BC942}") = "CodeStore", "CodeStore\CodeStore.vcxproj", "{901950E3-21EE-4710-8EA7-F36D576F1B62}"
EndProject
Global
	GlobalSection(SolutionConfigurationPlatforms) = preSolution
		Debug|Win32 = Debug|Win32
		Release|Win32 = Release|Win32
	EndGlobalSection
	GlobalSection(ProjectConfigurationPlatforms) = postSolution
		{901950E3-21EE-4710-8EA7-F36D576F1B62}.Debug|Win32.ActiveCfg = Debug|Win32
		{901950E3-21EE-4710-8EA7-F36D576F1B62}.Debug|Win32.Build.0 = Debug|Win32
		{901950E3-21EE-4710-8EA7-F36D576F1B62}.Release|Win32.ActiveCfg = Release|Win32
		{901950E3-21EE-4710-8EA7-F36D576F1B62}.Release|Win32.Build.0 = Release|Win32
	EndGlobalSection
	GlobalSection(SolutionProperties) = preSolution
		HideSolutionNode = FALSE
	EndGlobalSection
EndGlobal
